{
  "name": "icon-ai-for-notion",
  "version": "1.0.0",
  "lockfileVersion": 3,
  "requires": true,
  "packages": {
    "": {
      "name": "icon-ai-for-notion",
      "version": "1.0.0",
      "license": "ISC",
      "dependencies": {
        "@typesafe-ai/sdk": "^0.6.0",
        "emojilib": "^4.0.3",
        "unicode-emoji-json": "^0.9.0"
      }
    },
    "node_modules/@typesafe-ai/sdk": {
      "version": "0.6.0",
      "resolved": "https://registry.npmjs.org/@typesafe-ai/sdk/-/sdk-0.6.0.tgz",
      "integrity": "sha512-IddX+Q0XM+VagOUZFeP7wZjaO4SHMdvnh2zEBdrZZnXedWI3BNK1lKhMx3ayrkFWvVLbVcUHJy6AVZlY+e6Jaw==",
      "license": "MIT",
      "engines": {
        "node": ">=20"
      }
    },
    "node_modules/emojilib": {
      "version": "4.0.3",
      "resolved": "https://registry.npmjs.org/emojilib/-/emojilib-4.0.3.tgz",
      "integrity": "sha512-KbWiYre9aRSaPbHrHZIz9zmoM+21LAsK1VFJtnTh1VCtWE/rNMDviGhQTmselFl95dhqtGlY22iH0leG5BuW0g==",
      "license": "MIT"
    },
    "node_modules/unicode-emoji-json": {
      "version": "0.9.0",
      "resolved": "https://registry.npmjs.org/unicode-emoji-json/-/unicode-emoji-json-0.9.0.tgz",
      "integrity": "sha512-HdrQW/7SdbXUsTd8uTATv7LvQJkCSgbAgRCDCtOhQ6xn3EAx+xZHQtRniOXWJK3ywIqPegkNhP4U4EbuFsiQng==",
      "license": "MIT"
    }
  }
}
